
Microsoft Visual Studio Solution File, Format Version 11.00
# Visual Studio 2010
Project("{FAE04EC0-301F-11D3-BF4B-00C04F79EFBC}") = "FubuMVC.Core", "..\lib\fubumvc\src\FubuMVC.Core\FubuMVC.Core.csproj", "{E18FD922-0E7A-49CD-B89F-473826077B9D}"
EndProject
Project("{FAE04EC0-301F-11D3-BF4B-00C04F79EFBC}") = "FubuMVC.Tests", "..\lib\fubumvc\src\FubuMVC.Tests\FubuMVC.Tests.csproj", "{FEB91F9F-ECE2-480C-B39C-A44BBF1F7B01}"
EndProject
Project("{2150E333-8FDC-42A3-9474-1A3956D46DE8}") = "__Build_Utilities", "__Build_Utilities", "{7AC4D197-535A-4686-8E21-18257B2ADB3A}"
	ProjectSection(SolutionItems) = preProject
		..\packaging\nuget\fubumvc.nuspec = ..\packaging\nuget\fubumvc.nuspec
		..\InstallGems.bat = ..\InstallGems.bat
		..\rakefile.rb = ..\rakefile.rb
	EndProjectSection
EndProject
Project("{FAE04EC0-301F-11D3-BF4B-00C04F79EFBC}") = "FubuMVC.StructureMap", "..\lib\fubumvc\src\FubuMVC.StructureMap\FubuMVC.StructureMap.csproj", "{ABFEA520-820C-4B77-9015-6A09E24252FA}"
EndProject
Project("{FAE04EC0-301F-11D3-BF4B-00C04F79EFBC}") = "FubuMVC.FakeControllers", "..\lib\fubumvc\src\FubuMVC.FakeControllers\FubuMVC.FakeControllers.csproj", "{E8128BAA-BAF7-4164-9786-B9B23E555B96}"
EndProject
Project("{FAE04EC0-301F-11D3-BF4B-00C04F79EFBC}") = "FubuMVC.HelloWorld", "..\lib\fubumvc\src\FubuMVC.HelloWorld\FubuMVC.HelloWorld.csproj", "{9AAE2096-6F09-46E4-8BD2-D5A7E8E26047}"
EndProject
Project("{FAE04EC0-301F-11D3-BF4B-00C04F79EFBC}") = "Fubu", "..\lib\fubumvc\src\Fubu\Fubu.csproj", "{90DBE31C-948D-47AF-8C17-0056511A7313}"
EndProject
Project("{FAE04EC0-301F-11D3-BF4B-00C04F79EFBC}") = "IntegrationTesting", "..\lib\fubumvc\src\StoryTellerTesting\IntegrationTesting.csproj", "{022C7B24-4417-493F-9F70-E3F4035FBEDA}"
EndProject
Project("{FAE04EC0-301F-11D3-BF4B-00C04F79EFBC}") = "TestPackage1", "..\lib\fubumvc\src\TestPackage1\TestPackage1.csproj", "{1F18D6EB-4D9C-407A-BD70-C5D525E377B6}"
EndProject
Project("{FAE04EC0-301F-11D3-BF4B-00C04F79EFBC}") = "TestPackage2", "..\lib\fubumvc\src\TestPackage2\TestPackage2.csproj", "{290ECAD5-5086-4020-B137-C6AFA7C50874}"
EndProject
Project("{FAE04EC0-301F-11D3-BF4B-00C04F79EFBC}") = "TestPackage3", "..\lib\fubumvc\src\TestPackage3\TestPackage3.csproj", "{2F439925-4A3E-4476-B08E-221A41FA8F35}"
EndProject
Project("{FAE04EC0-301F-11D3-BF4B-00C04F79EFBC}") = "TestPackage4", "..\lib\fubumvc\src\TestPackage4\TestPackage4.csproj", "{AE4F4C2E-34E2-45C2-83F8-F6EEEBB3A2EF}"
EndProject
Project("{FAE04EC0-301F-11D3-BF4B-00C04F79EFBC}") = "AssemblyPackage", "..\lib\fubumvc\src\AssemblyPackage\AssemblyPackage.csproj", "{99DBA82A-E811-4DA0-983C-12E8317F8642}"
EndProject
Project("{FAE04EC0-301F-11D3-BF4B-00C04F79EFBC}") = "FubuMVC.WebForms", "..\lib\fubumvc\src\FubuMVC.WebForms\FubuMVC.WebForms.csproj", "{7A45A53A-10F3-47B4-BAA7-C4F325102F02}"
EndProject
Project("{FAE04EC0-301F-11D3-BF4B-00C04F79EFBC}") = "FubuMVC.WebForms.Testing", "..\lib\fubumvc\src\FubuMVC.WebForms.Testing\FubuMVC.WebForms.Testing.csproj", "{B2BAE448-87B6-4C94-B3DD-81406E143B08}"
EndProject
Project("{FAE04EC0-301F-11D3-BF4B-00C04F79EFBC}") = "FubuMVC.Tests.Widget1", "..\lib\fubumvc\src\FubuMVC.Tests.Widget1\FubuMVC.Tests.Widget1.csproj", "{584A2B9D-4A24-4BF8-A5AB-F18C3E104D7B}"
EndProject
Project("{FAE04EC0-301F-11D3-BF4B-00C04F79EFBC}") = "FubuMVC.Deployers", "..\lib\fubumvc\src\FubuMVC.Deployers\FubuMVC.Deployers.csproj", "{15052F0B-098A-4115-BD7B-E66657FCE73A}"
EndProject
Project("{FAE04EC0-301F-11D3-BF4B-00C04F79EFBC}") = "FubuMVC.Spark", "..\lib\fubumvc\src\FubuMVC.Spark\FubuMVC.Spark.csproj", "{9D6BF559-6461-4EAC-BB16-F976FF43E8DA}"
EndProject
Project("{FAE04EC0-301F-11D3-BF4B-00C04F79EFBC}") = "FubuMVC.Spark.Tests", "..\lib\fubumvc\src\FubuMVC.Spark.Tests\FubuMVC.Spark.Tests.csproj", "{7F5C625C-603B-4D8B-97A8-BCBF6D8BC1FC}"
EndProject
Project("{FAE04EC0-301F-11D3-BF4B-00C04F79EFBC}") = "FubuMVC.HelloSpark", "..\lib\fubumvc\src\FubuMVC.HelloSpark\FubuMVC.HelloSpark.csproj", "{7BAD96E8-DB12-4F32-8042-00555CCD9954}"
EndProject
Project("{FAE04EC0-301F-11D3-BF4B-00C04F79EFBC}") = "FubuMVC.GettingStarted", "..\lib\fubumvc\src\FubuMVC.GettingStarted\FubuMVC.GettingStarted.csproj", "{D0765EFA-2B15-4F68-A70F-7946E9B5F134}"
EndProject
Project("{FAE04EC0-301F-11D3-BF4B-00C04F79EFBC}") = "FubuMVC.Diagnostics", "..\lib\fubumvc\src\FubuMVC.Diagnostics\FubuMVC.Diagnostics.csproj", "{A1DEB080-5A9A-44B4-A10B-84DA9BD07AF5}"
EndProject
Project("{FAE04EC0-301F-11D3-BF4B-00C04F79EFBC}") = "FubuMVC.Diagnostics.Tests", "..\lib\fubumvc\src\FubuMVC.Diagnostics.Tests\FubuMVC.Diagnostics.Tests.csproj", "{99A53042-2455-464F-A68E-00C401B177C0}"
EndProject
Project("{FAE04EC0-301F-11D3-BF4B-00C04F79EFBC}") = "FubuMVC.Conventions", "FubuMVC.Conventions\FubuMVC.Conventions.csproj", "{DD4445F4-DDB4-4116-977A-1A2366499BE2}"
EndProject
Project("{FAE04EC0-301F-11D3-BF4B-00C04F79EFBC}") = "FubuMVC.Conventions.Tests", "FubuMVC.Conventions.Tests\FubuMVC.Conventions.Tests.csproj", "{613C543A-8B3E-4B1D-B0DD-743FFA0EE61C}"
EndProject
Project("{2150E333-8FDC-42A3-9474-1A3956D46DE8}") = "FubuMVC", "FubuMVC", "{A5441413-7E2F-464C-BC0D-8ACDAC1401FD}"
EndProject
Global
	GlobalSection(SolutionConfigurationPlatforms) = preSolution
		Debug|Any CPU = Debug|Any CPU
		Release|Any CPU = Release|Any CPU
	EndGlobalSection
	GlobalSection(ProjectConfigurationPlatforms) = postSolution
		{E18FD922-0E7A-49CD-B89F-473826077B9D}.Debug|Any CPU.ActiveCfg = Debug|Any CPU
		{E18FD922-0E7A-49CD-B89F-473826077B9D}.Debug|Any CPU.Build.0 = Debug|Any CPU
		{E18FD922-0E7A-49CD-B89F-473826077B9D}.Release|Any CPU.ActiveCfg = Release|Any CPU
		{E18FD922-0E7A-49CD-B89F-473826077B9D}.Release|Any CPU.Build.0 = Release|Any CPU
		{FEB91F9F-ECE2-480C-B39C-A44BBF1F7B01}.Debug|Any CPU.ActiveCfg = Debug|Any CPU
		{FEB91F9F-ECE2-480C-B39C-A44BBF1F7B01}.Debug|Any CPU.Build.0 = Debug|Any CPU
		{FEB91F9F-ECE2-480C-B39C-A44BBF1F7B01}.Release|Any CPU.ActiveCfg = Release|Any CPU
		{FEB91F9F-ECE2-480C-B39C-A44BBF1F7B01}.Release|Any CPU.Build.0 = Release|Any CPU
		{ABFEA520-820C-4B77-9015-6A09E24252FA}.Debug|Any CPU.ActiveCfg = Debug|Any CPU
		{ABFEA520-820C-4B77-9015-6A09E24252FA}.Debug|Any CPU.Build.0 = Debug|Any CPU
		{ABFEA520-820C-4B77-9015-6A09E24252FA}.Release|Any CPU.ActiveCfg = Release|Any CPU
		{E8128BAA-BAF7-4164-9786-B9B23E555B96}.Debug|Any CPU.ActiveCfg = Debug|Any CPU
		{E8128BAA-BAF7-4164-9786-B9B23E555B96}.Debug|Any CPU.Build.0 = Debug|Any CPU
		{E8128BAA-BAF7-4164-9786-B9B23E555B96}.Release|Any CPU.ActiveCfg = Release|Any CPU
		{9AAE2096-6F09-46E4-8BD2-D5A7E8E26047}.Debug|Any CPU.ActiveCfg = Debug|Any CPU
		{9AAE2096-6F09-46E4-8BD2-D5A7E8E26047}.Debug|Any CPU.Build.0 = Debug|Any CPU
		{9AAE2096-6F09-46E4-8BD2-D5A7E8E26047}.Release|Any CPU.ActiveCfg = Release|Any CPU
		{90DBE31C-948D-47AF-8C17-0056511A7313}.Debug|Any CPU.ActiveCfg = Debug|Any CPU
		{90DBE31C-948D-47AF-8C17-0056511A7313}.Debug|Any CPU.Build.0 = Debug|Any CPU
		{90DBE31C-948D-47AF-8C17-0056511A7313}.Release|Any CPU.ActiveCfg = Release|Any CPU
		{022C7B24-4417-493F-9F70-E3F4035FBEDA}.Debug|Any CPU.ActiveCfg = Debug|Any CPU
		{022C7B24-4417-493F-9F70-E3F4035FBEDA}.Debug|Any CPU.Build.0 = Debug|Any CPU
		{022C7B24-4417-493F-9F70-E3F4035FBEDA}.Release|Any CPU.ActiveCfg = Release|Any CPU
		{1F18D6EB-4D9C-407A-BD70-C5D525E377B6}.Debug|Any CPU.ActiveCfg = Debug|Any CPU
		{1F18D6EB-4D9C-407A-BD70-C5D525E377B6}.Debug|Any CPU.Build.0 = Debug|Any CPU
		{1F18D6EB-4D9C-407A-BD70-C5D525E377B6}.Release|Any CPU.ActiveCfg = Release|Any CPU
		{290ECAD5-5086-4020-B137-C6AFA7C50874}.Debug|Any CPU.ActiveCfg = Debug|Any CPU
		{290ECAD5-5086-4020-B137-C6AFA7C50874}.Debug|Any CPU.Build.0 = Debug|Any CPU
		{290ECAD5-5086-4020-B137-C6AFA7C50874}.Release|Any CPU.ActiveCfg = Release|Any CPU
		{2F439925-4A3E-4476-B08E-221A41FA8F35}.Debug|Any CPU.ActiveCfg = Debug|Any CPU
		{2F439925-4A3E-4476-B08E-221A41FA8F35}.Debug|Any CPU.Build.0 = Debug|Any CPU
		{2F439925-4A3E-4476-B08E-221A41FA8F35}.Release|Any CPU.ActiveCfg = Release|Any CPU
		{AE4F4C2E-34E2-45C2-83F8-F6EEEBB3A2EF}.Debug|Any CPU.ActiveCfg = Debug|Any CPU
		{AE4F4C2E-34E2-45C2-83F8-F6EEEBB3A2EF}.Debug|Any CPU.Build.0 = Debug|Any CPU
		{AE4F4C2E-34E2-45C2-83F8-F6EEEBB3A2EF}.Release|Any CPU.ActiveCfg = Release|Any CPU
		{99DBA82A-E811-4DA0-983C-12E8317F8642}.Debug|Any CPU.ActiveCfg = Debug|Any CPU
		{99DBA82A-E811-4DA0-983C-12E8317F8642}.Debug|Any CPU.Build.0 = Debug|Any CPU
		{99DBA82A-E811-4DA0-983C-12E8317F8642}.Release|Any CPU.ActiveCfg = Release|Any CPU
		{99DBA82A-E811-4DA0-983C-12E8317F8642}.Release|Any CPU.Build.0 = Release|Any CPU
		{7A45A53A-10F3-47B4-BAA7-C4F325102F02}.Debug|Any CPU.ActiveCfg = Debug|Any CPU
		{7A45A53A-10F3-47B4-BAA7-C4F325102F02}.Debug|Any CPU.Build.0 = Debug|Any CPU
		{7A45A53A-10F3-47B4-BAA7-C4F325102F02}.Release|Any CPU.ActiveCfg = Release|Any CPU
		{B2BAE448-87B6-4C94-B3DD-81406E143B08}.Debug|Any CPU.ActiveCfg = Debug|Any CPU
		{B2BAE448-87B6-4C94-B3DD-81406E143B08}.Debug|Any CPU.Build.0 = Debug|Any CPU
		{B2BAE448-87B6-4C94-B3DD-81406E143B08}.Release|Any CPU.ActiveCfg = Release|Any CPU
		{584A2B9D-4A24-4BF8-A5AB-F18C3E104D7B}.Debug|Any CPU.ActiveCfg = Debug|Any CPU
		{584A2B9D-4A24-4BF8-A5AB-F18C3E104D7B}.Debug|Any CPU.Build.0 = Debug|Any CPU
		{584A2B9D-4A24-4BF8-A5AB-F18C3E104D7B}.Release|Any CPU.ActiveCfg = Release|Any CPU
		{15052F0B-098A-4115-BD7B-E66657FCE73A}.Debug|Any CPU.ActiveCfg = Debug|Any CPU
		{15052F0B-098A-4115-BD7B-E66657FCE73A}.Debug|Any CPU.Build.0 = Debug|Any CPU
		{15052F0B-098A-4115-BD7B-E66657FCE73A}.Release|Any CPU.ActiveCfg = Release|Any CPU
		{15052F0B-098A-4115-BD7B-E66657FCE73A}.Release|Any CPU.Build.0 = Release|Any CPU
		{9D6BF559-6461-4EAC-BB16-F976FF43E8DA}.Debug|Any CPU.ActiveCfg = Debug|Any CPU
		{9D6BF559-6461-4EAC-BB16-F976FF43E8DA}.Debug|Any CPU.Build.0 = Debug|Any CPU
		{9D6BF559-6461-4EAC-BB16-F976FF43E8DA}.Release|Any CPU.ActiveCfg = Release|Any CPU
		{7F5C625C-603B-4D8B-97A8-BCBF6D8BC1FC}.Debug|Any CPU.ActiveCfg = Debug|Any CPU
		{7F5C625C-603B-4D8B-97A8-BCBF6D8BC1FC}.Debug|Any CPU.Build.0 = Debug|Any CPU
		{7F5C625C-603B-4D8B-97A8-BCBF6D8BC1FC}.Release|Any CPU.ActiveCfg = Release|Any CPU
		{7BAD96E8-DB12-4F32-8042-00555CCD9954}.Debug|Any CPU.ActiveCfg = Debug|Any CPU
		{7BAD96E8-DB12-4F32-8042-00555CCD9954}.Debug|Any CPU.Build.0 = Debug|Any CPU
		{7BAD96E8-DB12-4F32-8042-00555CCD9954}.Release|Any CPU.ActiveCfg = Release|Any CPU
		{D0765EFA-2B15-4F68-A70F-7946E9B5F134}.Debug|Any CPU.ActiveCfg = Debug|Any CPU
		{D0765EFA-2B15-4F68-A70F-7946E9B5F134}.Debug|Any CPU.Build.0 = Debug|Any CPU
		{D0765EFA-2B15-4F68-A70F-7946E9B5F134}.Release|Any CPU.ActiveCfg = Release|Any CPU
		{A1DEB080-5A9A-44B4-A10B-84DA9BD07AF5}.Debug|Any CPU.ActiveCfg = Debug|Any CPU
		{A1DEB080-5A9A-44B4-A10B-84DA9BD07AF5}.Debug|Any CPU.Build.0 = Debug|Any CPU
		{A1DEB080-5A9A-44B4-A10B-84DA9BD07AF5}.Release|Any CPU.ActiveCfg = Release|Any CPU
		{99A53042-2455-464F-A68E-00C401B177C0}.Debug|Any CPU.ActiveCfg = Debug|Any CPU
		{99A53042-2455-464F-A68E-00C401B177C0}.Debug|Any CPU.Build.0 = Debug|Any CPU
		{99A53042-2455-464F-A68E-00C401B177C0}.Release|Any CPU.ActiveCfg = Release|Any CPU
		{DD4445F4-DDB4-4116-977A-1A2366499BE2}.Debug|Any CPU.ActiveCfg = Debug|Any CPU
		{DD4445F4-DDB4-4116-977A-1A2366499BE2}.Debug|Any CPU.Build.0 = Debug|Any CPU
		{DD4445F4-DDB4-4116-977A-1A2366499BE2}.Release|Any CPU.ActiveCfg = Release|Any CPU
		{DD4445F4-DDB4-4116-977A-1A2366499BE2}.Release|Any CPU.Build.0 = Release|Any CPU
		{613C543A-8B3E-4B1D-B0DD-743FFA0EE61C}.Debug|Any CPU.ActiveCfg = Debug|Any CPU
		{613C543A-8B3E-4B1D-B0DD-743FFA0EE61C}.Debug|Any CPU.Build.0 = Debug|Any CPU
		{613C543A-8B3E-4B1D-B0DD-743FFA0EE61C}.Release|Any CPU.ActiveCfg = Release|Any CPU
		{613C543A-8B3E-4B1D-B0DD-743FFA0EE61C}.Release|Any CPU.Build.0 = Release|Any CPU
	EndGlobalSection
	GlobalSection(SolutionProperties) = preSolution
		HideSolutionNode = FALSE
	EndGlobalSection
	GlobalSection(NestedProjects) = preSolution
		{FEB91F9F-ECE2-480C-B39C-A44BBF1F7B01} = {A5441413-7E2F-464C-BC0D-8ACDAC1401FD}
		{7AC4D197-535A-4686-8E21-18257B2ADB3A} = {A5441413-7E2F-464C-BC0D-8ACDAC1401FD}
		{ABFEA520-820C-4B77-9015-6A09E24252FA} = {A5441413-7E2F-464C-BC0D-8ACDAC1401FD}
		{E8128BAA-BAF7-4164-9786-B9B23E555B96} = {A5441413-7E2F-464C-BC0D-8ACDAC1401FD}
		{9AAE2096-6F09-46E4-8BD2-D5A7E8E26047} = {A5441413-7E2F-464C-BC0D-8ACDAC1401FD}
		{90DBE31C-948D-47AF-8C17-0056511A7313} = {A5441413-7E2F-464C-BC0D-8ACDAC1401FD}
		{022C7B24-4417-493F-9F70-E3F4035FBEDA} = {A5441413-7E2F-464C-BC0D-8ACDAC1401FD}
		{1F18D6EB-4D9C-407A-BD70-C5D525E377B6} = {A5441413-7E2F-464C-BC0D-8ACDAC1401FD}
		{290ECAD5-5086-4020-B137-C6AFA7C50874} = {A5441413-7E2F-464C-BC0D-8ACDAC1401FD}
		{2F439925-4A3E-4476-B08E-221A41FA8F35} = {A5441413-7E2F-464C-BC0D-8ACDAC1401FD}
		{AE4F4C2E-34E2-45C2-83F8-F6EEEBB3A2EF} = {A5441413-7E2F-464C-BC0D-8ACDAC1401FD}
		{99DBA82A-E811-4DA0-983C-12E8317F8642} = {A5441413-7E2F-464C-BC0D-8ACDAC1401FD}
		{7A45A53A-10F3-47B4-BAA7-C4F325102F02} = {A5441413-7E2F-464C-BC0D-8ACDAC1401FD}
		{B2BAE448-87B6-4C94-B3DD-81406E143B08} = {A5441413-7E2F-464C-BC0D-8ACDAC1401FD}
		{584A2B9D-4A24-4BF8-A5AB-F18C3E104D7B} = {A5441413-7E2F-464C-BC0D-8ACDAC1401FD}
		{15052F0B-098A-4115-BD7B-E66657FCE73A} = {A5441413-7E2F-464C-BC0D-8ACDAC1401FD}
		{9D6BF559-6461-4EAC-BB16-F976FF43E8DA} = {A5441413-7E2F-464C-BC0D-8ACDAC1401FD}
		{7F5C625C-603B-4D8B-97A8-BCBF6D8BC1FC} = {A5441413-7E2F-464C-BC0D-8ACDAC1401FD}
		{7BAD96E8-DB12-4F32-8042-00555CCD9954} = {A5441413-7E2F-464C-BC0D-8ACDAC1401FD}
		{D0765EFA-2B15-4F68-A70F-7946E9B5F134} = {A5441413-7E2F-464C-BC0D-8ACDAC1401FD}
		{A1DEB080-5A9A-44B4-A10B-84DA9BD07AF5} = {A5441413-7E2F-464C-BC0D-8ACDAC1401FD}
		{99A53042-2455-464F-A68E-00C401B177C0} = {A5441413-7E2F-464C-BC0D-8ACDAC1401FD}
		{E18FD922-0E7A-49CD-B89F-473826077B9D} = {A5441413-7E2F-464C-BC0D-8ACDAC1401FD}
	EndGlobalSection
EndGlobal
